
Microsoft Visual Studio Solution File, Format Version 12.00
# Visual Studio Version 17
VisualStudioVersion = 17.2.32505.173
MinimumVisualStudioVersion = 10.0.40219.1
Project("{2150E333-8FDC-42A3-9474-1A3956D46DE8}") = "Lab01", "Lab01", "{711364DA-7C0F-4436-AD49-80EFDB374746}"
EndProject
Project("{2150E333-8FDC-42A3-9474-1A3956D46DE8}") = "Lab02", "Lab02", "{434B9D13-EEB9-4DF6-9824-F4C70F6936B7}"
EndProject
Project("{2150E333-8FDC-42A3-9474-1A3956D46DE8}") = "Lab03", "Lab03", "{D009743C-D178-418D-803C-BF7DC852AA14}"
EndProject
Project("{2150E333-8FDC-42A3-9474-1A3956D46DE8}") = "Lab04", "Lab04", "{446D99E5-37BA-47C2-AD5C-B1EE2AD0B951}"
EndProject
Project("{FAE04EC0-301F-11D3-BF4B-00C04F79EFBC}") = "ITMO.CSCourse2022.Lab01.Divider", "ITMO.CSCourse2022.Lab01\ITMO.CSCourse2022.Lab01.Divider\ITMO.CSCourse2022.Lab01.Divider.csproj", "{EE693DAD-6AAB-469C-85C2-0E4E423BCFA2}"
EndProject
Project("{FAE04EC0-301F-11D3-BF4B-00C04F79EFBC}") = "ITMO.CSCourse2022.Lab01.Greetings", "ITMO.CSCourse2022.Lab01\ITMO.CSCourse2022.Lab01.Greetings\ITMO.CSCourse2022.Lab01.Greetings.csproj", "{68CA6D5B-6779-40B2-B622-F209EA2EAFE7}"
EndProject
Project("{FAE04EC0-301F-11D3-BF4B-00C04F79EFBC}") = "ITMO.CSCourse2022.Lab02.BankAccount", "ITMO.CSCourse2022.Lab02\ITMO.CSCourse2022.Lab02.BankAccount\ITMO.CSCourse2022.Lab02.BankAccount.csproj", "{0D8B1932-C843-41E8-8B9C-03232FB29EB6}"
EndProject
Project("{FAE04EC0-301F-11D3-BF4B-00C04F79EFBC}") = "ITMO.CSCourse2022.Lab02.StructType", "ITMO.CSCourse2022.Lab02\ITMO.CSCourse2022.Lab02.StructType\ITMO.CSCourse2022.Lab02.StructType.csproj", "{285A3672-79B0-4058-A4C0-61F6613ED22D}"
EndProject
Project("{FAE04EC0-301F-11D3-BF4B-00C04F79EFBC}") = "ITMO.CSCourse2022.Lab03.WhatDay1", "ITMO.CSCourse2022.Lab03\ITMO.CSCourse2022.Lab03.WhatDay1\ITMO.CSCourse2022.Lab03.WhatDay1.csproj", "{24714E80-BDEE-4F60-BE58-E8604799873E}"
EndProject
Project("{FAE04EC0-301F-11D3-BF4B-00C04F79EFBC}") = "ITMO.CSCourse2022.Lab03.WhatDay2", "ITMO.CSCourse2022.Lab03\ITMO.CSCourse2022.Lab03.WhatDay2\ITMO.CSCourse2022.Lab03.WhatDay2.csproj", "{85E6E773-A706-4C8D-A804-EE14812C016F}"
EndProject
Project("{FAE04EC0-301F-11D3-BF4B-00C04F79EFBC}") = "ITMO.CSCourse2022.Lab03.WhatDay3", "ITMO.CSCourse2022.Lab03\ITMO.CSCourse2022.Lab03.WhatDay3\ITMO.CSCourse2022.Lab03.WhatDay3.csproj", "{94A95A46-2966-4CBC-A404-6FE7F209A703}"
EndProject
Project("{FAE04EC0-301F-11D3-BF4B-00C04F79EFBC}") = "ITMO.CSCourse2022.Lab04.UTILS", "ITMO.CSCourse2022.Lab04\ITMO.CSCourse2022.Lab04.UTILS.csproj", "{76BC4898-D086-4BD7-A10A-89B216017965}"
EndProject
Project("{2150E333-8FDC-42A3-9474-1A3956D46DE8}") = "Lab05", "Lab05", "{CBFE008B-FC2F-42C1-B79D-337FFFED6869}"
EndProject
Project("{FAE04EC0-301F-11D3-BF4B-00C04F79EFBC}") = "ITMO.CSCourse2022.Lab05.FileDetails", "ITMO.CSCourse2022.Lab05\ITMO.CSCourse2022.Lab05.FileDetails.csproj", "{94D8AA94-4B13-449B-8473-64975C21A02F}"
EndProject
Project("{2150E333-8FDC-42A3-9474-1A3956D46DE8}") = "Lab06", "Lab06", "{8230D1C1-C727-4DDE-80CE-D6C754FE344F}"
EndProject
Project("{FAE04EC0-301F-11D3-BF4B-00C04F79EFBC}") = "ITMO.CSCourse2022.Lab06.CreateAccount", "ITMO.CSCourse2022.Lab06\ITMO.CSCourse2022.Lab06.CreateAccount\ITMO.CSCourse2022.Lab06.CreateAccount.csproj", "{B0BA5C59-D5D7-40E1-8CCE-ABDECF781A50}"
EndProject
Project("{FAE04EC0-301F-11D3-BF4B-00C04F79EFBC}") = "ITMO.CSCourse2022.Lab06.UniqueNumbers", "ITMO.CSCourse2022.Lab06\ITMO.CSCourse2022.Lab06.UniqueNumbers\ITMO.CSCourse2022.Lab06.UniqueNumbers.csproj", "{B18EDE17-6A9C-4661-A6BC-9EDA18CB21D7}"
EndProject
Project("{FAE04EC0-301F-11D3-BF4B-00C04F79EFBC}") = "ITMO.CSCourse2022.Lab06.MoreMethods", "ITMO.CSCourse2022.Lab06\ITMO.CSCourse2022.Lab06.MoreMethods\ITMO.CSCourse2022.Lab06.MoreMethods.csproj", "{B1B9D053-FCFE-4C02-B7D2-327258057597}"
EndProject
Global
	GlobalSection(SolutionConfigurationPlatforms) = preSolution
		Debug|Any CPU = Debug|Any CPU
		Release|Any CPU = Release|Any CPU
	EndGlobalSection
	GlobalSection(ProjectConfigurationPlatforms) = postSolution
		{EE693DAD-6AAB-469C-85C2-0E4E423BCFA2}.Debug|Any CPU.ActiveCfg = Debug|Any CPU
		{EE693DAD-6AAB-469C-85C2-0E4E423BCFA2}.Debug|Any CPU.Build.0 = Debug|Any CPU
		{EE693DAD-6AAB-469C-85C2-0E4E423BCFA2}.Release|Any CPU.ActiveCfg = Release|Any CPU
		{EE693DAD-6AAB-469C-85C2-0E4E423BCFA2}.Release|Any CPU.Build.0 = Release|Any CPU
		{68CA6D5B-6779-40B2-B622-F209EA2EAFE7}.Debug|Any CPU.ActiveCfg = Debug|Any CPU
		{68CA6D5B-6779-40B2-B622-F209EA2EAFE7}.Debug|Any CPU.Build.0 = Debug|Any CPU
		{68CA6D5B-6779-40B2-B622-F209EA2EAFE7}.Release|Any CPU.ActiveCfg = Release|Any CPU
		{68CA6D5B-6779-40B2-B622-F209EA2EAFE7}.Release|Any CPU.Build.0 = Release|Any CPU
		{0D8B1932-C843-41E8-8B9C-03232FB29EB6}.Debug|Any CPU.ActiveCfg = Debug|Any CPU
		{0D8B1932-C843-41E8-8B9C-03232FB29EB6}.Debug|Any CPU.Build.0 = Debug|Any CPU
		{0D8B1932-C843-41E8-8B9C-03232FB29EB6}.Release|Any CPU.ActiveCfg = Release|Any CPU
		{0D8B1932-C843-41E8-8B9C-03232FB29EB6}.Release|Any CPU.Build.0 = Release|Any CPU
		{285A3672-79B0-4058-A4C0-61F6613ED22D}.Debug|Any CPU.ActiveCfg = Debug|Any CPU
		{285A3672-79B0-4058-A4C0-61F6613ED22D}.Debug|Any CPU.Build.0 = Debug|Any CPU
		{285A3672-79B0-4058-A4C0-61F6613ED22D}.Release|Any CPU.ActiveCfg = Release|Any CPU
		{285A3672-79B0-4058-A4C0-61F6613ED22D}.Release|Any CPU.Build.0 = Release|Any CPU
		{24714E80-BDEE-4F60-BE58-E8604799873E}.Debug|Any CPU.ActiveCfg = Debug|Any CPU
		{24714E80-BDEE-4F60-BE58-E8604799873E}.Debug|Any CPU.Build.0 = Debug|Any CPU
		{24714E80-BDEE-4F60-BE58-E8604799873E}.Release|Any CPU.ActiveCfg = Release|Any CPU
		{24714E80-BDEE-4F60-BE58-E8604799873E}.Release|Any CPU.Build.0 = Release|Any CPU
		{85E6E773-A706-4C8D-A804-EE14812C016F}.Debug|Any CPU.ActiveCfg = Debug|Any CPU
		{85E6E773-A706-4C8D-A804-EE14812C016F}.Debug|Any CPU.Build.0 = Debug|Any CPU
		{85E6E773-A706-4C8D-A804-EE14812C016F}.Release|Any CPU.ActiveCfg = Release|Any CPU
		{85E6E773-A706-4C8D-A804-EE14812C016F}.Release|Any CPU.Build.0 = Release|Any CPU
		{94A95A46-2966-4CBC-A404-6FE7F209A703}.Debug|Any CPU.ActiveCfg = Debug|Any CPU
		{94A95A46-2966-4CBC-A404-6FE7F209A703}.Debug|Any CPU.Build.0 = Debug|Any CPU
		{94A95A46-2966-4CBC-A404-6FE7F209A703}.Release|Any CPU.ActiveCfg = Release|Any CPU
		{94A95A46-2966-4CBC-A404-6FE7F209A703}.Release|Any CPU.Build.0 = Release|Any CPU
		{76BC4898-D086-4BD7-A10A-89B216017965}.Debug|Any CPU.ActiveCfg = Debug|Any CPU
		{76BC4898-D086-4BD7-A10A-89B216017965}.Debug|Any CPU.Build.0 = Debug|Any CPU
		{76BC4898-D086-4BD7-A10A-89B216017965}.Release|Any CPU.ActiveCfg = Release|Any CPU
		{76BC4898-D086-4BD7-A10A-89B216017965}.Release|Any CPU.Build.0 = Release|Any CPU
		{94D8AA94-4B13-449B-8473-64975C21A02F}.Debug|Any CPU.ActiveCfg = Debug|Any CPU
		{94D8AA94-4B13-449B-8473-64975C21A02F}.Debug|Any CPU.Build.0 = Debug|Any CPU
		{94D8AA94-4B13-449B-8473-64975C21A02F}.Release|Any CPU.ActiveCfg = Release|Any CPU
		{94D8AA94-4B13-449B-8473-64975C21A02F}.Release|Any CPU.Build.0 = Release|Any CPU
		{B0BA5C59-D5D7-40E1-8CCE-ABDECF781A50}.Debug|Any CPU.ActiveCfg = Debug|Any CPU
		{B0BA5C59-D5D7-40E1-8CCE-ABDECF781A50}.Debug|Any CPU.Build.0 = Debug|Any CPU
		{B0BA5C59-D5D7-40E1-8CCE-ABDECF781A50}.Release|Any CPU.ActiveCfg = Release|Any CPU
		{B0BA5C59-D5D7-40E1-8CCE-ABDECF781A50}.Release|Any CPU.Build.0 = Release|Any CPU
		{B18EDE17-6A9C-4661-A6BC-9EDA18CB21D7}.Debug|Any CPU.ActiveCfg = Debug|Any CPU
		{B18EDE17-6A9C-4661-A6BC-9EDA18CB21D7}.Debug|Any CPU.Build.0 = Debug|Any CPU
		{B18EDE17-6A9C-4661-A6BC-9EDA18CB21D7}.Release|Any CPU.ActiveCfg = Release|Any CPU
		{B18EDE17-6A9C-4661-A6BC-9EDA18CB21D7}.Release|Any CPU.Build.0 = Release|Any CPU
		{B1B9D053-FCFE-4C02-B7D2-327258057597}.Debug|Any CPU.ActiveCfg = Debug|Any CPU
		{B1B9D053-FCFE-4C02-B7D2-327258057597}.Debug|Any CPU.Build.0 = Debug|Any CPU
		{B1B9D053-FCFE-4C02-B7D2-327258057597}.Release|Any CPU.ActiveCfg = Release|Any CPU
		{B1B9D053-FCFE-4C02-B7D2-327258057597}.Release|Any CPU.Build.0 = Release|Any CPU
	EndGlobalSection
	GlobalSection(SolutionProperties) = preSolution
		HideSolutionNode = FALSE
	EndGlobalSection
	GlobalSection(NestedProjects) = preSolution
		{EE693DAD-6AAB-469C-85C2-0E4E423BCFA2} = {711364DA-7C0F-4436-AD49-80EFDB374746}
		{68CA6D5B-6779-40B2-B622-F209EA2EAFE7} = {711364DA-7C0F-4436-AD49-80EFDB374746}
		{0D8B1932-C843-41E8-8B9C-03232FB29EB6} = {434B9D13-EEB9-4DF6-9824-F4C70F6936B7}
		{285A3672-79B0-4058-A4C0-61F6613ED22D} = {434B9D13-EEB9-4DF6-9824-F4C70F6936B7}
		{24714E80-BDEE-4F60-BE58-E8604799873E} = {D009743C-D178-418D-803C-BF7DC852AA14}
		{85E6E773-A706-4C8D-A804-EE14812C016F} = {D009743C-D178-418D-803C-BF7DC852AA14}
		{94A95A46-2966-4CBC-A404-6FE7F209A703} = {D009743C-D178-418D-803C-BF7DC852AA14}
		{76BC4898-D086-4BD7-A10A-89B216017965} = {446D99E5-37BA-47C2-AD5C-B1EE2AD0B951}
		{94D8AA94-4B13-449B-8473-64975C21A02F} = {CBFE008B-FC2F-42C1-B79D-337FFFED6869}
		{B0BA5C59-D5D7-40E1-8CCE-ABDECF781A50} = {8230D1C1-C727-4DDE-80CE-D6C754FE344F}
		{B18EDE17-6A9C-4661-A6BC-9EDA18CB21D7} = {8230D1C1-C727-4DDE-80CE-D6C754FE344F}
		{B1B9D053-FCFE-4C02-B7D2-327258057597} = {8230D1C1-C727-4DDE-80CE-D6C754FE344F}
	EndGlobalSection
	GlobalSection(ExtensibilityGlobals) = postSolution
		SolutionGuid = {21250FC3-1C09-4956-892C-1DD437CF27FA}
	EndGlobalSection
EndGlobal
